
Microsoft Visual Studio Solution File, Format Version 12.00
# Visual Studio Version 16
VisualStudioVersion = 16.0.31129.286
MinimumVisualStudioVersion = 10.0.40219.1
Project("{FAE04EC0-301F-11D3-BF4B-00C04F79EFBC}") = "TicTacToe", "TicTacToe.csproj", "{2BC7F727-446E-4910-AE8C-488A03A9B6D3}"
EndProject
Global
	GlobalSection(SolutionConfigurationPlatforms) = preSolution
		Debug|Any CPU = Debug|Any CPU
		Release|Any CPU = Release|Any CPU
	EndGlobalSection
	GlobalSection(ProjectConfigurationPlatforms) = postSolution
		{2BC7F727-446E-4910-AE8C-488A03A9B6D3}.Debug|Any CPU.ActiveCfg = Debug|Any CPU
		{2BC7F727-446E-4910-AE8C-488A03A9B6D3}.Debug|Any CPU.Build.0 = Debug|Any CPU
		{2BC7F727-446E-4910-AE8C-488A03A9B6D3}.Release|Any CPU.ActiveCfg = Release|Any CPU
		{2BC7F727-446E-4910-AE8C-488A03A9B6D3}.Release|Any CPU.Build.0 = Release|Any CPU
	EndGlobalSection
	GlobalSection(SolutionProperties) = preSolution
		HideSolutionNode = FALSE
	EndGlobalSection
	GlobalSection(ExtensibilityGlobals) = postSolution
		SolutionGuid = {F7B5333B-BB11-4772-A4DE-762304342AB1}
	EndGlobalSection
EndGlobal
